// !$*UTF8*$!
{
	archiveVersion = 1;
	classes = {
	};
	objectVersion = 46;
	objects = {

/* Begin PBXBuildFile section */
		3D8808691833040200165C83 /* Foundation.framework in Frameworks */ = {isa = PBXBuildFile; fileRef = 3D8808681833040200165C83 /* Foundation.framework */; };
		3D88086B1833040200165C83 /* CoreGraphics.framework in Frameworks */ = {isa = PBXBuildFile; fileRef = 3D88086A1833040200165C83 /* CoreGraphics.framework */; };
		3D88086D1833040200165C83 /* UIKit.framework in Frameworks */ = {isa = PBXBuildFile; fileRef = 3D88086C1833040200165C83 /* UIKit.framework */; };
		3D8808731833040200165C83 /* InfoPlist.strings in Resources */ = {isa = PBXBuildFile; fileRef = 3D8808711833040200165C83 /* InfoPlist.strings */; };
		3D8808751833040300165C83 /* main.m in Sources */ = {isa = PBXBuildFile; fileRef = 3D8808741833040300165C83 /* main.m */; };
		3D8808791833040300165C83 /* MTEAppDelegate.m in Sources */ = {isa = PBXBuildFile; fileRef = 3D8808781833040300165C83 /* MTEAppDelegate.m */; };
		3D88087B1833040300165C83 /* Images.xcassets in Resources */ = {isa = PBXBuildFile; fileRef = 3D88087A1833040300165C83 /* Images.xcassets */; };
		3D8808821833040300165C83 /* XCTest.framework in Frameworks */ = {isa = PBXBuildFile; fileRef = 3D8808811833040300165C83 /* XCTest.framework */; };
		3D8808831833040300165C83 /* Foundation.framework in Frameworks */ = {isa = PBXBuildFile; fileRef = 3D8808681833040200165C83 /* Foundation.framework */; };
		3D8808841833040300165C83 /* UIKit.framework in Frameworks */ = {isa = PBXBuildFile; fileRef = 3D88086C1833040200165C83 /* UIKit.framework */; };
		3D88088C1833040300165C83 /* InfoPlist.strings in Resources */ = {isa = PBXBuildFile; fileRef = 3D88088A1833040300165C83 /* InfoPlist.strings */; };
		3D88088E1833040300165C83 /* MultipleTruncationExampleTests.m in Sources */ = {isa = PBXBuildFile; fileRef = 3D88088D1833040300165C83 /* MultipleTruncationExampleTests.m */; };
		3D8808991833041700165C83 /* MTERootViewController.m in Sources */ = {isa = PBXBuildFile; fileRef = 3D8808981833041700165C83 /* MTERootViewController.m */; };
		3D88089C1833046900165C83 /* MTETextView.m in Sources */ = {isa = PBXBuildFile; fileRef = 3D88089B1833046900165C83 /* MTETextView.m */; };
		3D88089F1833071600165C83 /* MTEFocusedTruncationRenderer.m in Sources */ = {isa = PBXBuildFile; fileRef = 3D88089E1833071600165C83 /* MTEFocusedTruncationRenderer.m */; };
/* End PBXBuildFile section */

/* Begin PBXContainerItemProxy section */
		3D8808851833040300165C83 /* PBXContainerItemProxy */ = {
			isa = PBXContainerItemProxy;
			containerPortal = 3D88085D1833040200165C83 /* Project object */;
			proxyType = 1;
			remoteGlobalIDString = 3D8808641833040200165C83;
			remoteInfo = MultipleTruncationExample;
		};
/* End PBXContainerItemProxy section */

/* Begin PBXFileReference section */
		3D8808651833040200165C83 /* MultipleTruncationExample.app */ = {isa = PBXFileReference; explicitFileType = wrapper.application; includeInIndex = 0; path = MultipleTruncationExample.app; sourceTree = BUILT_PRODUCTS_DIR; };
		3D8808681833040200165C83 /* Foundation.framework */ = {isa = PBXFileReference; lastKnownFileType = wrapper.framework; name = Foundation.framework; path = System/Library/Frameworks/Foundation.framework; sourceTree = SDKROOT; };
		3D88086A1833040200165C83 /* CoreGraphics.framework */ = {isa = PBXFileReference; lastKnownFileType = wrapper.framework; name = CoreGraphics.framework; path = System/Library/Frameworks/CoreGraphics.framework; sourceTree = SDKROOT; };
		3D88086C1833040200165C83 /* UIKit.framework */ = {isa = PBXFileReference; lastKnownFileType = wrapper.framework; name = UIKit.framework; path = System/Library/Frameworks/UIKit.framework; sourceTree = SDKROOT; };
		3D8808701833040200165C83 /* MultipleTruncationExample-Info.plist */ = {isa = PBXFileReference; lastKnownFileType = text.plist.xml; path = "MultipleTruncationExample-Info.plist"; sourceTree = "<group>"; };
		3D8808721833040200165C83 /* en */ = {isa = PBXFileReference; lastKnownFileType = text.plist.strings; name = en; path = en.lproj/InfoPlist.strings; sourceTree = "<group>"; };
		3D8808741833040300165C83 /* main.m */ = {isa = PBXFileReference; lastKnownFileType = sourcecode.c.objc; path = main.m; sourceTree = "<group>"; };
		3D8808761833040300165C83 /* MultipleTruncationExample-Prefix.pch */ = {isa = PBXFileReference; lastKnownFileType = sourcecode.c.h; path = "MultipleTruncationExample-Prefix.pch"; sourceTree = "<group>"; };
		3D8808771833040300165C83 /* MTEAppDelegate.h */ = {isa = PBXFileReference; lastKnownFileType = sourcecode.c.h; path = MTEAppDelegate.h; sourceTree = "<group>"; };
		3D8808781833040300165C83 /* MTEAppDelegate.m */ = {isa = PBXFileReference; lastKnownFileType = sourcecode.c.objc; path = MTEAppDelegate.m; sourceTree = "<group>"; };
		3D88087A1833040300165C83 /* Images.xcassets */ = {isa = PBXFileReference; lastKnownFileType = folder.assetcatalog; path = Images.xcassets; sourceTree = "<group>"; };
		3D8808801833040300165C83 /* MultipleTruncationExampleTests.xctest */ = {isa = PBXFileReference; explicitFileType = wrapper.cfbundle; includeInIndex = 0; path = MultipleTruncationExampleTests.xctest; sourceTree = BUILT_PRODUCTS_DIR; };
		3D8808811833040300165C83 /* XCTest.framework */ = {isa = PBXFileReference; lastKnownFileType = wrapper.framework; name = XCTest.framework; path = Library/Frameworks/XCTest.framework; sourceTree = DEVELOPER_DIR; };
		3D8808891833040300165C83 /* MultipleTruncationExampleTests-Info.plist */ = {isa = PBXFileReference; lastKnownFileType = text.plist.xml; path = "MultipleTruncationExampleTests-Info.plist"; sourceTree = "<group>"; };
		3D88088B1833040300165C83 /* en */ = {isa = PBXFileReference; lastKnownFileType = text.plist.strings; name = en; path = en.lproj/InfoPlist.strings; sourceTree = "<group>"; };
		3D88088D1833040300165C83 /* MultipleTruncationExampleTests.m */ = {isa = PBXFileReference; lastKnownFileType = sourcecode.c.objc; path = MultipleTruncationExampleTests.m; sourceTree = "<group>"; };
		3D8808971833041700165C83 /* MTERootViewController.h */ = {isa = PBXFileReference; fileEncoding = 4; lastKnownFileType = sourcecode.c.h; path = MTERootViewController.h; sourceTree = "<group>"; };
		3D8808981833041700165C83 /* MTERootViewController.m */ = {isa = PBXFileReference; fileEncoding = 4; lastKnownFileType = sourcecode.c.objc; path = MTERootViewController.m; sourceTree = "<group>"; };
		3D88089A1833046900165C83 /* MTETextView.h */ = {isa = PBXFileReference; fileEncoding = 4; lastKnownFileType = sourcecode.c.h; path = MTETextView.h; sourceTree = "<group>"; };
		3D88089B1833046900165C83 /* MTETextView.m */ = {isa = PBXFileReference; fileEncoding = 4; lastKnownFileType = sourcecode.c.objc; path = MTETextView.m; sourceTree = "<group>"; };
		3D88089D1833071600165C83 /* MTEFocusedTruncationRenderer.h */ = {isa = PBXFileReference; fileEncoding = 4; lastKnownFileType = sourcecode.c.h; path = MTEFocusedTruncationRenderer.h; sourceTree = "<group>"; };
		3D88089E1833071600165C83 /* MTEFocusedTruncationRenderer.m */ = {isa = PBXFileReference; fileEncoding = 4; lastKnownFileType = sourcecode.c.objc; path = MTEFocusedTruncationRenderer.m; sourceTree = "<group>"; };
/* End PBXFileReference section */

/* Begin PBXFrameworksBuildPhase section */
		3D8808621833040200165C83 /* Frameworks */ = {
			isa = PBXFrameworksBuildPhase;
			buildActionMask = 2147483647;
			files = (
				3D88086B1833040200165C83 /* CoreGraphics.framework in Frameworks */,
				3D88086D1833040200165C83 /* UIKit.framework in Frameworks */,
				3D8808691833040200165C83 /* Foundation.framework in Frameworks */,
			);
			runOnlyForDeploymentPostprocessing = 0;
		};
		3D88087D1833040300165C83 /* Frameworks */ = {
			isa = PBXFrameworksBuildPhase;
			buildActionMask = 2147483647;
			files = (
				3D8808821833040300165C83 /* XCTest.framework in Frameworks */,
				3D8808841833040300165C83 /* UIKit.framework in Frameworks */,
				3D8808831833040300165C83 /* Foundation.framework in Frameworks */,
			);
			runOnlyForDeploymentPostprocessing = 0;
		};
/* End PBXFrameworksBuildPhase section */

/* Begin PBXGroup section */
		3D88085C1833040200165C83 = {
			isa = PBXGroup;
			children = (
				3D88086E1833040200165C83 /* MultipleTruncationExample */,
				3D8808871833040300165C83 /* MultipleTruncationExampleTests */,
				3D8808671833040200165C83 /* Frameworks */,
				3D8808661833040200165C83 /* Products */,
			);
			sourceTree = "<group>";
		};
		3D8808661833040200165C83 /* Products */ = {
			isa = PBXGroup;
			children = (
				3D8808651833040200165C83 /* MultipleTruncationExample.app */,
				3D8808801833040300165C83 /* MultipleTruncationExampleTests.xctest */,
			);
			name = Products;
			sourceTree = "<group>";
		};
		3D8808671833040200165C83 /* Frameworks */ = {
			isa = PBXGroup;
			children = (
				3D8808681833040200165C83 /* Foundation.framework */,
				3D88086A1833040200165C83 /* CoreGraphics.framework */,
				3D88086C1833040200165C83 /* UIKit.framework */,
				3D8808811833040300165C83 /* XCTest.framework */,
			);
			name = Frameworks;
			sourceTree = "<group>";
		};
		3D88086E1833040200165C83 /* MultipleTruncationExample */ = {
			isa = PBXGroup;
			children = (
				3D8808771833040300165C83 /* MTEAppDelegate.h */,
				3D8808781833040300165C83 /* MTEAppDelegate.m */,
				3D8808971833041700165C83 /* MTERootViewController.h */,
				3D8808981833041700165C83 /* MTERootViewController.m */,
				3D88089A1833046900165C83 /* MTETextView.h */,
				3D88089B1833046900165C83 /* MTETextView.m */,
				3D88089D1833071600165C83 /* MTEFocusedTruncationRenderer.h */,
				3D88089E1833071600165C83 /* MTEFocusedTruncationRenderer.m */,
				3D88087A1833040300165C83 /* Images.xcassets */,
				3D88086F1833040200165C83 /* Supporting Files */,
			);
			path = MultipleTruncationExample;
			sourceTree = "<group>";
		};
		3D88086F1833040200165C83 /* Supporting Files */ = {
			isa = PBXGroup;
			children = (
				3D8808701833040200165C83 /* MultipleTruncationExample-Info.plist */,
				3D8808711833040200165C83 /* InfoPlist.strings */,
				3D8808741833040300165C83 /* main.m */,
				3D8808761833040300165C83 /* MultipleTruncationExample-Prefix.pch */,
			);
			name = "Supporting Files";
			sourceTree = "<group>";
		};
		3D8808871833040300165C83 /* MultipleTruncationExampleTests */ = {
			isa = PBXGroup;
			children = (
				3D88088D1833040300165C83 /* MultipleTruncationExampleTests.m */,
				3D8808881833040300165C83 /* Supporting Files */,
			);
			path = MultipleTruncationExampleTests;
			sourceTree = "<group>";
		};
		3D8808881833040300165C83 /* Supporting Files */ = {
			isa = PBXGroup;
			children = (
				3D8808891833040300165C83 /* MultipleTruncationExampleTests-Info.plist */,
				3D88088A1833040300165C83 /* InfoPlist.strings */,
			);
			name = "Supporting Files";
			sourceTree = "<group>";
		};
/* End PBXGroup section */

/* Begin PBXNativeTarget section */
		3D8808641833040200165C83 /* MultipleTruncationExample */ = {
			isa = PBXNativeTarget;
			buildConfigurationList = 3D8808911833040300165C83 /* Build configuration list for PBXNativeTarget "MultipleTruncationExample" */;
			buildPhases = (
				3D8808611833040200165C83 /* Sources */,
				3D8808621833040200165C83 /* Frameworks */,
				3D8808631833040200165C83 /* Resources */,
			);
			buildRules = (
			);
			dependencies = (
			);
			name = MultipleTruncationExample;
			productName = MultipleTruncationExample;
			productReference = 3D8808651833040200165C83 /* MultipleTruncationExample.app */;
			productType = "com.apple.product-type.application";
		};
		3D88087F1833040300165C83 /* MultipleTruncationExampleTests */ = {
			isa = PBXNativeTarget;
			buildConfigurationList = 3D8808941833040300165C83 /* Build configuration list for PBXNativeTarget "MultipleTruncationExampleTests" */;
			buildPhases = (
				3D88087C1833040300165C83 /* Sources */,
				3D88087D1833040300165C83 /* Frameworks */,
				3D88087E1833040300165C83 /* Resources */,
			);
			buildRules = (
			);
			dependencies = (
				3D8808861833040300165C83 /* PBXTargetDependency */,
			);
			name = MultipleTruncationExampleTests;
			productName = MultipleTruncationExampleTests;
			productReference = 3D8808801833040300165C83 /* MultipleTruncationExampleTests.xctest */;
			productType = "com.apple.product-type.bundle.unit-test";
		};
/* End PBXNativeTarget section */

/* Begin PBXProject section */
		3D88085D1833040200165C83 /* Project object */ = {
			isa = PBXProject;
			attributes = {
				CLASSPREFIX = MTE;
				LastUpgradeCheck = 0500;
				ORGANIZATIONNAME = "Daniel Hammond";
				TargetAttributes = {
					3D88087F1833040300165C83 = {
						TestTargetID = 3D8808641833040200165C83;
					};
				};
			};
			buildConfigurationList = 3D8808601833040200165C83 /* Build configuration list for PBXProject "MultipleTruncationExample" */;
			compatibilityVersion = "Xcode 3.2";
			developmentRegion = English;
			hasScannedForEncodings = 0;
			knownRegions = (
				en,
			);
			mainGroup = 3D88085C1833040200165C83;
			productRefGroup = 3D8808661833040200165C83 /* Products */;
			projectDirPath = "";
			projectRoot = "";
			targets = (
				3D8808641833040200165C83 /* MultipleTruncationExample */,
				3D88087F1833040300165C83 /* MultipleTruncationExampleTests */,
			);
		};
/* End PBXProject section */

/* Begin PBXResourcesBuildPhase section */
		3D8808631833040200165C83 /* Resources */ = {
			isa = PBXResourcesBuildPhase;
			buildActionMask = 2147483647;
			files = (
				3D8808731833040200165C83 /* InfoPlist.strings in Resources */,
				3D88087B1833040300165C83 /* Images.xcassets in Resources */,
			);
			runOnlyForDeploymentPostprocessing = 0;
		};
		3D88087E1833040300165C83 /* Resources */ = {
			isa = PBXResourcesBuildPhase;
			buildActionMask = 2147483647;
			files = (
				3D88088C1833040300165C83 /* InfoPlist.strings in Resources */,
			);
			runOnlyForDeploymentPostprocessing = 0;
		};
/* End PBXResourcesBuildPhase section */

/* Begin PBXSourcesBuildPhase section */
		3D8808611833040200165C83 /* Sources */ = {
			isa = PBXSourcesBuildPhase;
			buildActionMask = 2147483647;
			files = (
				3D8808751833040300165C83 /* main.m in Sources */,
				3D8808791833040300165C83 /* MTEAppDelegate.m in Sources */,
				3D88089C1833046900165C83 /* MTETextView.m in Sources */,
				3D88089F1833071600165C83 /* MTEFocusedTruncationRenderer.m in Sources */,
				3D8808991833041700165C83 /* MTERootViewController.m in Sources */,
			);
			runOnlyForDeploymentPostprocessing = 0;
		};
		3D88087C1833040300165C83 /* Sources */ = {
			isa = PBXSourcesBuildPhase;
			buildActionMask = 2147483647;
			files = (
				3D88088E1833040300165C83 /* MultipleTruncationExampleTests.m in Sources */,
			);
			runOnlyForDeploymentPostprocessing = 0;
		};
/* End PBXSourcesBuildPhase section */

/* Begin PBXTargetDependency section */
		3D8808861833040300165C83 /* PBXTargetDependency */ = {
			isa = PBXTargetDependency;
			target = 3D8808641833040200165C83 /* MultipleTruncationExample */;
			targetProxy = 3D8808851833040300165C83 /* PBXContainerItemProxy */;
		};
/* End PBXTargetDependency section */

/* Begin PBXVariantGroup section */
		3D8808711833040200165C83 /* InfoPlist.strings */ = {
			isa = PBXVariantGroup;
			children = (
				3D8808721833040200165C83 /* en */,
			);
			name = InfoPlist.strings;
			sourceTree = "<group>";
		};
		3D88088A1833040300165C83 /* InfoPlist.strings */ = {
			isa = PBXVariantGroup;
			children = (
				3D88088B1833040300165C83 /* en */,
			);
			name = InfoPlist.strings;
			sourceTree = "<group>";
		};
/* End PBXVariantGroup section */

/* Begin XCBuildConfiguration section */
		3D88088F1833040300165C83 /* Debug */ = {
			isa = XCBuildConfiguration;
			buildSettings = {
				ALWAYS_SEARCH_USER_PATHS = NO;
				ARCHS = "$(ARCHS_STANDARD_INCLUDING_64_BIT)";
				CLANG_CXX_LANGUAGE_STANDARD = "gnu++0x";
				CLANG_CXX_LIBRARY = "libc++";
				CLANG_ENABLE_MODULES = YES;
				CLANG_ENABLE_OBJC_ARC = YES;
				CLANG_WARN_BOOL_CONVERSION = YES;
				CLANG_WARN_CONSTANT_CONVERSION = YES;
				CLANG_WARN_DIRECT_OBJC_ISA_USAGE = YES_ERROR;
				CLANG_WARN_EMPTY_BODY = YES;
				CLANG_WARN_ENUM_CONVERSION = YES;
				CLANG_WARN_INT_CONVERSION = YES;
				CLANG_WARN_OBJC_ROOT_CLASS = YES_ERROR;
				CLANG_WARN__DUPLICATE_METHOD_MATCH = YES;
				"CODE_SIGN_IDENTITY[sdk=iphoneos*]" = "iPhone Developer";
				COPY_PHASE_STRIP = NO;
				GCC_C_LANGUAGE_STANDARD = gnu99;
				GCC_DYNAMIC_NO_PIC = NO;
				GCC_OPTIMIZATION_LEVEL = 0;
				GCC_PREPROCESSOR_DEFINITIONS = (
					"DEBUG=1",
					"$(inherited)",
				);
				GCC_SYMBOLS_PRIVATE_EXTERN = NO;
				GCC_WARN_64_TO_32_BIT_CONVERSION = YES;
				GCC_WARN_ABOUT_RETURN_TYPE = YES_ERROR;
				GCC_WARN_UNDECLARED_SELECTOR = YES;
				GCC_WARN_UNINITIALIZED_AUTOS = YES;
				GCC_WARN_UNUSED_FUNCTION = YES;
				GCC_WARN_UNUSED_VARIABLE = YES;
				IPHONEOS_DEPLOYMENT_TARGET = 7.0;
				ONLY_ACTIVE_ARCH = YES;
				SDKROOT = iphoneos;
				TARGETED_DEVICE_FAMILY = "1,2";
			};
			name = Debug;
		};
		3D8808901833040300165C83 /* Release */ = {
			isa = XCBuildConfiguration;
			buildSettings = {
				ALWAYS_SEARCH_USER_PATHS = NO;
				ARCHS = "$(ARCHS_STANDARD_INCLUDING_64_BIT)";
				CLANG_CXX_LANGUAGE_STANDARD = "gnu++0x";
				CLANG_CXX_LIBRARY = "libc++";
				CLANG_ENABLE_MODULES = YES;
				CLANG_ENABLE_OBJC_ARC = YES;
				CLANG_WARN_BOOL_CONVERSION = YES;
				CLANG_WARN_CONSTANT_CONVERSION = YES;
				CLANG_WARN_DIRECT_OBJC_ISA_USAGE = YES_ERROR;
				CLANG_WARN_EMPTY_BODY = YES;
				CLANG_WARN_ENUM_CONVERSION = YES;
				CLANG_WARN_INT_CONVERSION = YES;
				CLANG_WARN_OBJC_ROOT_CLASS = YES_ERROR;
				CLANG_WARN__DUPLICATE_METHOD_MATCH = YES;
				"CODE_SIGN_IDENTITY[sdk=iphoneos*]" = "iPhone Developer";
				COPY_PHASE_STRIP = YES;
				ENABLE_NS_ASSERTIONS = NO;
				GCC_C_LANGUAGE_STANDARD = gnu99;
				GCC_WARN_64_TO_32_BIT_CONVERSION = YES;
				GCC_WARN_ABOUT_RETURN_TYPE = YES_ERROR;
				GCC_WARN_UNDECLARED_SELECTOR = YES;
				GCC_WARN_UNINITIALIZED_AUTOS = YES;
				GCC_WARN_UNUSED_FUNCTION = YES;
				GCC_WARN_UNUSED_VARIABLE = YES;
				IPHONEOS_DEPLOYMENT_TARGET = 7.0;
				SDKROOT = iphoneos;
				TARGETED_DEVICE_FAMILY = "1,2";
				VALIDATE_PRODUCT = YES;
			};
			name = Release;
		};
		3D8808921833040300165C83 /* Debug */ = {
			isa = XCBuildConfiguration;
			buildSettings = {
				ASSETCATALOG_COMPILER_APPICON_NAME = AppIcon;
				ASSETCATALOG_COMPILER_LAUNCHIMAGE_NAME = LaunchImage;
				GCC_PRECOMPILE_PREFIX_HEADER = YES;
				GCC_PREFIX_HEADER = "MultipleTruncationExample/MultipleTruncationExample-Prefix.pch";
				INFOPLIST_FILE = "MultipleTruncationExample/MultipleTruncationExample-Info.plist";
				PRODUCT_NAME = "$(TARGET_NAME)";
				WRAPPER_EXTENSION = app;
			};
			name = Debug;
		};
		3D8808931833040300165C83 /* Release */ = {
			isa = XCBuildConfiguration;
			buildSettings = {
				ASSETCATALOG_COMPILER_APPICON_NAME = AppIcon;
				ASSETCATALOG_COMPILER_LAUNCHIMAGE_NAME = LaunchImage;
				GCC_PRECOMPILE_PREFIX_HEADER = YES;
				GCC_PREFIX_HEADER = "MultipleTruncationExample/MultipleTruncationExample-Prefix.pch";
				INFOPLIST_FILE = "MultipleTruncationExample/MultipleTruncationExample-Info.plist";
				PRODUCT_NAME = "$(TARGET_NAME)";
				WRAPPER_EXTENSION = app;
			};
			name = Release;
		};
		3D8808951833040300165C83 /* Debug */ = {
			isa = XCBuildConfiguration;
			buildSettings = {
				ARCHS = "$(ARCHS_STANDARD_INCLUDING_64_BIT)";
				BUNDLE_LOADER = "$(BUILT_PRODUCTS_DIR)/MultipleTruncationExample.app/MultipleTruncationExample";
				FRAMEWORK_SEARCH_PATHS = (
					"$(SDKROOT)/Developer/Library/Frameworks",
					"$(inherited)",
					"$(DEVELOPER_FRAMEWORKS_DIR)",
				);
				GCC_PRECOMPILE_PREFIX_HEADER = YES;
				GCC_PREFIX_HEADER = "MultipleTruncationExample/MultipleTruncationExample-Prefix.pch";
				GCC_PREPROCESSOR_DEFINITIONS = (
					"DEBUG=1",
					"$(inherited)",
				);
				INFOPLIST_FILE = "MultipleTruncationExampleTests/MultipleTruncationExampleTests-Info.plist";
				PRODUCT_NAME = "$(TARGET_NAME)";
				TEST_HOST = "$(BUNDLE_LOADER)";
				WRAPPER_EXTENSION = xctest;
			};
			name = Debug;
		};
		3D8808961833040300165C83 /* Release */ = {
			isa = XCBuildConfiguration;
			buildSettings = {
				ARCHS = "$(ARCHS_STANDARD_INCLUDING_64_BIT)";
				BUNDLE_LOADER = "$(BUILT_PRODUCTS_DIR)/MultipleTruncationExample.app/MultipleTruncationExample";
				FRAMEWORK_SEARCH_PATHS = (
					"$(SDKROOT)/Developer/Library/Frameworks",
					"$(inherited)",
					"$(DEVELOPER_FRAMEWORKS_DIR)",
				);
				GCC_PRECOMPILE_PREFIX_HEADER = YES;
				GCC_PREFIX_HEADER = "MultipleTruncationExample/MultipleTruncationExample-Prefix.pch";
				INFOPLIST_FILE = "MultipleTruncationExampleTests/MultipleTruncationExampleTests-Info.plist";
				PRODUCT_NAME = "$(TARGET_NAME)";
				TEST_HOST = "$(BUNDLE_LOADER)";
				WRAPPER_EXTENSION = xctest;
			};
			name = Release;
		};
/* End XCBuildConfiguration section */

/* Begin XCConfigurationList section */
		3D8808601833040200165C83 /* Build configuration list for PBXProject "MultipleTruncationExample" */ = {
			isa = XCConfigurationList;
			buildConfigurations = (
				3D88088F1833040300165C83 /* Debug */,
				3D8808901833040300165C83 /* Release */,
			);
			defaultConfigurationIsVisible = 0;
			defaultConfigurationName = Release;
		};
		3D8808911833040300165C83 /* Build configuration list for PBXNativeTarget "MultipleTruncationExample" */ = {
			isa = XCConfigurationList;
			buildConfigurations = (
				3D8808921833040300165C83 /* Debug */,
				3D8808931833040300165C83 /* Release */,
			);
			defaultConfigurationIsVisible = 0;
		};
		3D8808941833040300165C83 /* Build configuration list for PBXNativeTarget "MultipleTruncationExampleTests" */ = {
			isa = XCConfigurationList;
			buildConfigurations = (
				3D8808951833040300165C83 /* Debug */,
				3D8808961833040300165C83 /* Release */,
			);
			defaultConfigurationIsVisible = 0;
		};
/* End XCConfigurationList section */
	};
	rootObject = 3D88085D1833040200165C83 /* Project object */;
}
